PODS:
  - device_info_plus (0.0.1):
    - Flutter
  - Firebase/AnalyticsWithoutAdIdSupport (11.10.0):
    - Firebase/CoreOnly
    - FirebaseAnalytics/WithoutAdIdSupport (~> 11.10.0)
  - Firebase/CoreOnly (11.10.0):
    - FirebaseCore (~> 11.10.0)
  - firebase_analytics (11.4.5):
    - Firebase/AnalyticsWithoutAdIdSupport (= 11.10.0)
    - firebase_core
    - Flutter
  - firebase_core (3.13.0):
    - Firebase/CoreOnly (= 11.10.0)
    - Flutter
  - FirebaseAnalytics/WithoutAdIdSupport (11.10.0):
    - FirebaseCore (~> 11.10.0)
    - FirebaseInstallations (~> 11.0)
    - GoogleAppMeasurement/WithoutAdIdSupport (= 11.10.0)
    - GoogleUtilities/AppDelegateSwizzler (~> 8.0)
    - GoogleUtilities/MethodSwizzler (~> 8.0)
    - GoogleUtilities/Network (~> 8.0)
    - "GoogleUtilities/NSData+zlib (~> 8.0)"
    - nanopb (~> 3.30910.0)
  - FirebaseCore (11.10.0):
    - FirebaseCoreInternal (~> 11.10.0)
    - GoogleUtilities/Environment (~> 8.0)
    - GoogleUtilities/Logger (~> 8.0)
  - FirebaseCoreInternal (11.10.0):
    - "GoogleUtilities/NSData+zlib (~> 8.0)"
  - FirebaseInstallations (11.10.0):
    - FirebaseCore (~> 11.10.0)
    - GoogleUtilities/Environment (~> 8.0)
    - GoogleUtilities/UserDefaults (~> 8.0)
    - PromisesObjC (~> 2.4)
  - Flutter (1.0.0)
  - GoogleAppMeasurement/WithoutAdIdSupport (11.10.0):
    - GoogleUtilities/AppDelegateSwizzler (~> 8.0)
    - GoogleUtilities/MethodSwizzler (~> 8.0)
    - GoogleUtilities/Network (~> 8.0)
    - "GoogleUtilities/NSData+zlib (~> 8.0)"
    - nanopb (~> 3.30910.0)
  - GoogleUtilities/AppDelegateSwizzler (8.0.2):
    - GoogleUtilities/Environment
    - GoogleUtilities/Logger
    - GoogleUtilities/Network
    - GoogleUtilities/Privacy
  - GoogleUtilities/Environment (8.0.2):
    - GoogleUtilities/Privacy
  - GoogleUtilities/Logger (8.0.2):
    - GoogleUtilities/Environment
    - GoogleUtilities/Privacy
  - GoogleUtilities/MethodSwizzler (8.0.2):
    - GoogleUtilities/Logger
    - GoogleUtilities/Privacy
  - GoogleUtilities/Network (8.0.2):
    - GoogleUtilities/Logger
    - "GoogleUtilities/NSData+zlib"
    - GoogleUtilities/Privacy
    - GoogleUtilities/Reachability
  - "GoogleUtilities/NSData+zlib (8.0.2)":
    - GoogleUtilities/Privacy
  - GoogleUtilities/Privacy (8.0.2)
  - GoogleUtilities/Reachability (8.0.2):
    - GoogleUtilities/Logger
    - GoogleUtilities/Privacy
  - GoogleUtilities/UserDefaults (8.0.2):
    - GoogleUtilities/Logger
    - GoogleUtilities/Privacy
  - metronome (2.0.1):
    - Flutter
    - FlutterMacOS
  - nanopb (3.30910.0):
    - nanopb/decode (= 3.30910.0)
    - nanopb/encode (= 3.30910.0)
  - nanopb/decode (3.30910.0)
  - nanopb/encode (3.30910.0)
  - path_provider_foundation (0.0.1):
    - Flutter
    - FlutterMacOS
  - PromisesObjC (2.4.0)
  - shared_preferences_foundation (0.0.1):
    - Flutter
    - FlutterMacOS

DEPENDENCIES:
  - device_info_plus (from `.symlinks/plugins/device_info_plus/ios`)
  - firebase_analytics (from `.symlinks/plugins/firebase_analytics/ios`)
  - firebase_core (from `.symlinks/plugins/firebase_core/ios`)
  - Flutter (from `Flutter`)
  - metronome (from `.symlinks/plugins/metronome/darwin`)
  - path_provider_foundation (from `.symlinks/plugins/path_provider_foundation/darwin`)
  - shared_preferences_foundation (from `.symlinks/plugins/shared_preferences_foundation/darwin`)

SPEC REPOS:
  trunk:
    - Firebase
    - FirebaseAnalytics
    - FirebaseCore
    - FirebaseCoreInternal
    - FirebaseInstallations
    - GoogleAppMeasurement
    - GoogleUtilities
    - nanopb
    - PromisesObjC

EXTERNAL SOURCES:
  device_info_plus:
    :path: ".symlinks/plugins/device_info_plus/ios"
  firebase_analytics:
    :path: ".symlinks/plugins/firebase_analytics/ios"
  firebase_core:
    :path: ".symlinks/plugins/firebase_core/ios"
  Flutter:
    :path: Flutter
  metronome:
    :path: ".symlinks/plugins/metronome/darwin"
  path_provider_foundation:
    :path: ".symlinks/plugins/path_provider_foundation/darwin"
  shared_preferences_foundation:
    :path: ".symlinks/plugins/shared_preferences_foundation/darwin"

SPEC CHECKSUMS:
  device_info_plus: 21fcca2080fbcd348be798aa36c3e5ed849eefbe
  Firebase: 1fe1c0a7d9aaea32efe01fbea5f0ebd8d70e53a2
  firebase_analytics: 3da60ede4f4cc6972344de45af0c1dd53872be52
  firebase_core: 2d4534e7b489907dcede540c835b48981d890943
  FirebaseAnalytics: 4e42333f02cf78ed93703a5c36f36dd518aebdef
  FirebaseCore: 8344daef5e2661eb004b177488d6f9f0f24251b7
  FirebaseCoreInternal: ef4505d2afb1d0ebbc33162cb3795382904b5679
  FirebaseInstallations: 9980995bdd06ec8081dfb6ab364162bdd64245c3
  Flutter: e0871f40cf51350855a761d2e70bf5af5b9b5de7
  GoogleAppMeasurement: 36684bfb3ee034e2b42b4321eb19da3a1b81e65d
  GoogleUtilities: 26a3abef001b6533cf678d3eb38fd3f614b7872d
  metronome: 2a277ef51a3d1eef7c38807bcb2632be40e3bf8d
  nanopb: fad817b59e0457d11a5dfbde799381cd727c1275
  path_provider_foundation: 080d55be775b7414fd5a5ef3ac137b97b097e564
  PromisesObjC: f5707f49cb48b9636751c5b2e7d227e43fba9f47
  shared_preferences_foundation: 9e1978ff2562383bd5676f64ec4e9aa8fa06a6f7

PODFILE CHECKSUM: d29420f8407cbc81acddfaa4e1063aba10dfa3fa

COCOAPODS: 1.16.2
